<?xml version="1.0" encoding="utf-8"?>
<Project ToolsVersion="4.0" xmlns="http://schemas.microsoft.com/developer/msbuild/2003">
  <ItemGroup>
    <FxCompile Include="shader_pixel_2d.hlsl" />
    <FxCompile Include="shader_vertex_2d.hlsl" />
  </ItemGroup>
  <ItemGroup>
    <ClCompile Include="Audio.cpp" />
    <ClCompile Include="camera.cpp" />
    <ClCompile Include="Collision.cpp" />
    <ClCompile Include="controller.cpp" />
    <ClCompile Include="debug_ostream.cpp" />
    <ClCompile Include="direct3d.cpp" />
    <ClCompile Include="effect.cpp" />
    <ClCompile Include="fade.cpp" />
    <ClCompile Include="field.cpp" />
    <ClCompile Include="game.cpp" />
    <ClCompile Include="imgui-docking\backends\imgui_impl_dx11.cpp" />
    <ClCompile Include="imgui-docking\backends\imgui_impl_win32.cpp" />
    <ClCompile Include="imgui-docking\imgui.cpp" />
    <ClCompile Include="imgui-docking\imgui_demo.cpp" />
    <ClCompile Include="imgui-docking\imgui_draw.cpp" />
    <ClCompile Include="imgui-docking\imgui_tables.cpp" />
    <ClCompile Include="imgui-docking\imgui_widgets.cpp" />
    <ClCompile Include="Input.cpp" />
    <ClCompile Include="keyboard.cpp" />
    <ClCompile Include="LightSource.cpp" />
    <ClCompile Include="main.cpp" />
    <ClCompile Include="manager.cpp" />
    <ClCompile Include="memo.cpp" />
    <ClCompile Include="model.cpp" />
    <ClCompile Include="mouse.cpp" />
    <ClCompile Include="Player2D.cpp" />
    <ClCompile Include="Player3D.cpp" />
    <ClCompile Include="PlayerModeSwitchManager.cpp" />
    <ClCompile Include="Polygon3D.cpp" />
    <ClCompile Include="Result.cpp" />
    <ClCompile Include="score.cpp" />
    <ClCompile Include="shader.cpp" />
    <ClCompile Include="ShadowColliderBox.cpp" />
    <ClCompile Include="sprite.cpp" />
    <ClCompile Include="title.cpp" />
    <ClCompile Include="title_manager.cpp" />
    <ClCompile Include="Trail.cpp" />
    <ClCompile Include="newKeyBind.cpp" />
  </ItemGroup>
  <ItemGroup>
    <ClInclude Include="Audio.h" />
    <ClInclude Include="camera.h" />
    <ClInclude Include="Collision.h" />
    <ClInclude Include="controller.h" />
    <ClInclude Include="debug.h" />
    <ClInclude Include="debug_ostream.h" />
    <ClInclude Include="direct3d.h" />
    <ClInclude Include="DirectXTex.h" />
    <ClInclude Include="effect.h" />
    <ClInclude Include="fade.h" />
    <ClInclude Include="field.h" />
    <ClInclude Include="game.h" />
    <ClInclude Include="imgui-docking\backends\imgui_impl_dx11.h" />
    <ClInclude Include="imgui-docking\backends\imgui_impl_win32.h" />
    <ClInclude Include="imgui-docking\imgui.h" />
    <ClInclude Include="Input.h" />
    <ClInclude Include="keyboard.h" />
    <ClInclude Include="LightSource.h" />
    <ClInclude Include="manager.h" />
    <ClInclude Include="MathUtil.h" />
    <ClInclude Include="model.h" />
    <ClInclude Include="mouse.h" />
    <ClInclude Include="Player3D.h" />
    <ClInclude Include="Player2D.h" />
    <ClInclude Include="PlayerModeSwitchManager.h" />
    <ClInclude Include="PlayerStatus.h" />
    <ClInclude Include="Polygon3D.h" />
    <ClInclude Include="result.h" />
    <ClInclude Include="score.h" />
    <ClInclude Include="shader.h" />
    <ClInclude Include="ShadowColliderBox.h" />
    <ClInclude Include="sprite.h" />
    <ClInclude Include="title.h" />
    <ClInclude Include="title_manager.h" />
    <ClInclude Include="Trail.h" />
    <ClInclude Include="newKeyBind.h" />
  </ItemGroup>
  <ItemGroup>
    <Library Include="DirectXTex_Debug.lib" />
    <Library Include="DirectXTex_Release.lib" />
  </ItemGroup>
  <ItemGroup>
    <None Include=".gitignore" />
    <None Include="ClassDiagram.cd" />
    <None Include="DirectXTex.inl" />
  </ItemGroup>
</Project>